
Microsoft Visual Studio Solution File, Format Version 12.00
# Visual Studio Version 17
VisualStudioVersion = 17.1.32228.430
MinimumVisualStudioVersion = 10.0.40219.1
Project("{2150E333-8FDC-42A3-9474-1A3956D46DE8}") = "src", "src", "{251C4A01-3F9C-4975-94EF-6FE4D7366507}"
EndProject
Project("{2150E333-8FDC-42A3-9474-1A3956D46DE8}") = "Core", "Core", "{EA531A0B-F5DF-4568-9530-0B5765FC5595}"
EndProject
Project("{2150E333-8FDC-42A3-9474-1A3956D46DE8}") = "Infraestruture", "Infraestruture", "{98108CBC-5FF2-4A0F-87AD-2EAA403E46AE}"
EndProject
Project("{2150E333-8FDC-42A3-9474-1A3956D46DE8}") = "Presentation", "Presentation", "{4F1766E6-322D-476D-8A44-447F6ACB47BB}"
EndProject
Project("{9A19103F-16F7-4668-BE54-9A1E7A4F7556}") = "Application", "Application\Application.csproj", "{13162D35-0F82-410E-90AB-8E8C4F6C99C3}"
EndProject
Project("{9A19103F-16F7-4668-BE54-9A1E7A4F7556}") = "Domain", "Domain\Domain.csproj", "{560B3690-FD28-44C1-BC80-0B3272AA27AF}"
EndProject
Project("{9A19103F-16F7-4668-BE54-9A1E7A4F7556}") = "Persistence", "Persistence\Persistence.csproj", "{D318DC61-7F7D-4833-AF10-E1FC6E6D1E92}"
EndProject
Project("{9A19103F-16F7-4668-BE54-9A1E7A4F7556}") = "Shared", "Shared\Shared.csproj", "{E9A80048-210F-40B5-8920-3975FF595F62}"
EndProject
Project("{FAE04EC0-301F-11D3-BF4B-00C04F79EFBC}") = "WebApi", "WebApi\WebApi.csproj", "{A9B0F01E-F2CB-41C3-9C0A-4C019439660A}"
EndProject
Global
	GlobalSection(SolutionConfigurationPlatforms) = preSolution
		Debug|Any CPU = Debug|Any CPU
		Release|Any CPU = Release|Any CPU
	EndGlobalSection
	GlobalSection(ProjectConfigurationPlatforms) = postSolution
		{13162D35-0F82-410E-90AB-8E8C4F6C99C3}.Debug|Any CPU.ActiveCfg = Debug|Any CPU
		{13162D35-0F82-410E-90AB-8E8C4F6C99C3}.Debug|Any CPU.Build.0 = Debug|Any CPU
		{13162D35-0F82-410E-90AB-8E8C4F6C99C3}.Release|Any CPU.ActiveCfg = Release|Any CPU
		{13162D35-0F82-410E-90AB-8E8C4F6C99C3}.Release|Any CPU.Build.0 = Release|Any CPU
		{560B3690-FD28-44C1-BC80-0B3272AA27AF}.Debug|Any CPU.ActiveCfg = Debug|Any CPU
		{560B3690-FD28-44C1-BC80-0B3272AA27AF}.Debug|Any CPU.Build.0 = Debug|Any CPU
		{560B3690-FD28-44C1-BC80-0B3272AA27AF}.Release|Any CPU.ActiveCfg = Release|Any CPU
		{560B3690-FD28-44C1-BC80-0B3272AA27AF}.Release|Any CPU.Build.0 = Release|Any CPU
		{D318DC61-7F7D-4833-AF10-E1FC6E6D1E92}.Debug|Any CPU.ActiveCfg = Debug|Any CPU
		{D318DC61-7F7D-4833-AF10-E1FC6E6D1E92}.Debug|Any CPU.Build.0 = Debug|Any CPU
		{D318DC61-7F7D-4833-AF10-E1FC6E6D1E92}.Release|Any CPU.ActiveCfg = Release|Any CPU
		{D318DC61-7F7D-4833-AF10-E1FC6E6D1E92}.Release|Any CPU.Build.0 = Release|Any CPU
		{E9A80048-210F-40B5-8920-3975FF595F62}.Debug|Any CPU.ActiveCfg = Debug|Any CPU
		{E9A80048-210F-40B5-8920-3975FF595F62}.Debug|Any CPU.Build.0 = Debug|Any CPU
		{E9A80048-210F-40B5-8920-3975FF595F62}.Release|Any CPU.ActiveCfg = Release|Any CPU
		{E9A80048-210F-40B5-8920-3975FF595F62}.Release|Any CPU.Build.0 = Release|Any CPU
		{A9B0F01E-F2CB-41C3-9C0A-4C019439660A}.Debug|Any CPU.ActiveCfg = Debug|Any CPU
		{A9B0F01E-F2CB-41C3-9C0A-4C019439660A}.Debug|Any CPU.Build.0 = Debug|Any CPU
		{A9B0F01E-F2CB-41C3-9C0A-4C019439660A}.Release|Any CPU.ActiveCfg = Release|Any CPU
		{A9B0F01E-F2CB-41C3-9C0A-4C019439660A}.Release|Any CPU.Build.0 = Release|Any CPU
	EndGlobalSection
	GlobalSection(SolutionProperties) = preSolution
		HideSolutionNode = FALSE
	EndGlobalSection
	GlobalSection(NestedProjects) = preSolution
		{EA531A0B-F5DF-4568-9530-0B5765FC5595} = {251C4A01-3F9C-4975-94EF-6FE4D7366507}
		{98108CBC-5FF2-4A0F-87AD-2EAA403E46AE} = {251C4A01-3F9C-4975-94EF-6FE4D7366507}
		{4F1766E6-322D-476D-8A44-447F6ACB47BB} = {251C4A01-3F9C-4975-94EF-6FE4D7366507}
		{13162D35-0F82-410E-90AB-8E8C4F6C99C3} = {EA531A0B-F5DF-4568-9530-0B5765FC5595}
		{560B3690-FD28-44C1-BC80-0B3272AA27AF} = {EA531A0B-F5DF-4568-9530-0B5765FC5595}
		{D318DC61-7F7D-4833-AF10-E1FC6E6D1E92} = {98108CBC-5FF2-4A0F-87AD-2EAA403E46AE}
		{E9A80048-210F-40B5-8920-3975FF595F62} = {98108CBC-5FF2-4A0F-87AD-2EAA403E46AE}
		{A9B0F01E-F2CB-41C3-9C0A-4C019439660A} = {4F1766E6-322D-476D-8A44-447F6ACB47BB}
	EndGlobalSection
	GlobalSection(ExtensibilityGlobals) = postSolution
		SolutionGuid = {8AABADBB-FB49-42C6-B970-C453748161CF}
	EndGlobalSection
EndGlobal
